
Microsoft Visual Studio Solution File, Format Version 12.00
# Visual Studio Version 17
VisualStudioVersion = 17.11.35327.3
MinimumVisualStudioVersion = 10.0.40219.1
Project("{9A19103F-16F7-4668-BE54-9A1E7A4F7556}") = "DeliveryOrders.Core", "DeliveryOrders.Core\DeliveryOrders.Core.csproj", "{E585454D-430D-41AF-A322-47492CEDA16B}"
EndProject
Project("{9A19103F-16F7-4668-BE54-9A1E7A4F7556}") = "DeliveryOrders.Infrastructure", "DeliveryOrders.Infrastructure\DeliveryOrders.Infrastructure.csproj", "{B755D1EC-948D-4D02-AB3C-53C37F5EB5BC}"
EndProject
Project("{2150E333-8FDC-42A3-9474-1A3956D46DE8}") = "Tests", "Tests", "{745790BA-67A6-455C-95A5-61E3CB2FEA04}"
EndProject
Project("{9A19103F-16F7-4668-BE54-9A1E7A4F7556}") = "DeliveryOrders.UnitTests", "DeliveryOrders.UnitTests\DeliveryOrders.UnitTests.csproj", "{5C4A8F9F-6080-41DB-B152-82C7EC88861B}"
EndProject
Project("{9A19103F-16F7-4668-BE54-9A1E7A4F7556}") = "DeliveryOrders.IntegrationTests", "DeliveryOrders.IntegrationTests\DeliveryOrders.IntegrationTests.csproj", "{C946E775-C963-47D4-BE5E-50FB32EBADED}"
EndProject
Project("{FAE04EC0-301F-11D3-BF4B-00C04F79EFBC}") = "DeliveryOrders.Api", "DeliveryOrders.Api\DeliveryOrders.Api.csproj", "{4AB472FE-F793-4DCA-9D1E-019AADC38D25}"
EndProject
Global
	GlobalSection(SolutionConfigurationPlatforms) = preSolution
		Debug|Any CPU = Debug|Any CPU
		Release|Any CPU = Release|Any CPU
	EndGlobalSection
	GlobalSection(ProjectConfigurationPlatforms) = postSolution
		{E585454D-430D-41AF-A322-47492CEDA16B}.Debug|Any CPU.ActiveCfg = Debug|Any CPU
		{E585454D-430D-41AF-A322-47492CEDA16B}.Debug|Any CPU.Build.0 = Debug|Any CPU
		{E585454D-430D-41AF-A322-47492CEDA16B}.Release|Any CPU.ActiveCfg = Release|Any CPU
		{E585454D-430D-41AF-A322-47492CEDA16B}.Release|Any CPU.Build.0 = Release|Any CPU
		{B755D1EC-948D-4D02-AB3C-53C37F5EB5BC}.Debug|Any CPU.ActiveCfg = Debug|Any CPU
		{B755D1EC-948D-4D02-AB3C-53C37F5EB5BC}.Debug|Any CPU.Build.0 = Debug|Any CPU
		{B755D1EC-948D-4D02-AB3C-53C37F5EB5BC}.Release|Any CPU.ActiveCfg = Release|Any CPU
		{B755D1EC-948D-4D02-AB3C-53C37F5EB5BC}.Release|Any CPU.Build.0 = Release|Any CPU
		{5C4A8F9F-6080-41DB-B152-82C7EC88861B}.Debug|Any CPU.ActiveCfg = Debug|Any CPU
		{5C4A8F9F-6080-41DB-B152-82C7EC88861B}.Debug|Any CPU.Build.0 = Debug|Any CPU
		{5C4A8F9F-6080-41DB-B152-82C7EC88861B}.Release|Any CPU.ActiveCfg = Release|Any CPU
		{5C4A8F9F-6080-41DB-B152-82C7EC88861B}.Release|Any CPU.Build.0 = Release|Any CPU
		{C946E775-C963-47D4-BE5E-50FB32EBADED}.Debug|Any CPU.ActiveCfg = Debug|Any CPU
		{C946E775-C963-47D4-BE5E-50FB32EBADED}.Debug|Any CPU.Build.0 = Debug|Any CPU
		{C946E775-C963-47D4-BE5E-50FB32EBADED}.Release|Any CPU.ActiveCfg = Release|Any CPU
		{C946E775-C963-47D4-BE5E-50FB32EBADED}.Release|Any CPU.Build.0 = Release|Any CPU
		{4AB472FE-F793-4DCA-9D1E-019AADC38D25}.Debug|Any CPU.ActiveCfg = Debug|Any CPU
		{4AB472FE-F793-4DCA-9D1E-019AADC38D25}.Debug|Any CPU.Build.0 = Debug|Any CPU
		{4AB472FE-F793-4DCA-9D1E-019AADC38D25}.Release|Any CPU.ActiveCfg = Release|Any CPU
		{4AB472FE-F793-4DCA-9D1E-019AADC38D25}.Release|Any CPU.Build.0 = Release|Any CPU
	EndGlobalSection
	GlobalSection(SolutionProperties) = preSolution
		HideSolutionNode = FALSE
	EndGlobalSection
	GlobalSection(NestedProjects) = preSolution
		{5C4A8F9F-6080-41DB-B152-82C7EC88861B} = {745790BA-67A6-455C-95A5-61E3CB2FEA04}
		{C946E775-C963-47D4-BE5E-50FB32EBADED} = {745790BA-67A6-455C-95A5-61E3CB2FEA04}
	EndGlobalSection
	GlobalSection(ExtensibilityGlobals) = postSolution
		SolutionGuid = {EB213806-7328-42CE-93E6-8A911FB0DA7D}
	EndGlobalSection
EndGlobal
